
Microsoft Visual Studio Solution File, Format Version 12.00
# Visual Studio Version 17
VisualStudioVersion = 17.4.33403.182
MinimumVisualStudioVersion = 10.0.40219.1
Project("{9A19103F-16F7-4668-BE54-9A1E7A4F7556}") = "DeveloperPortal", "DeveloperPortal\DeveloperPortal.csproj", "{B58B00D7-62EE-4FF5-88FA-4CE529E8CC62}"
	ProjectSection(ProjectDependencies) = postProject
		{2FF1849B-AF80-40C7-BDC4-94A8B7E5A52E} = {2FF1849B-AF80-40C7-BDC4-94A8B7E5A52E}
	EndProjectSection
EndProject
Project("{9A19103F-16F7-4668-BE54-9A1E7A4F7556}") = "DeveloperPortal.ServiceClient", "DeveloperPortal.ServiceClient\DeveloperPortal.ServiceClient.csproj", "{2FF1849B-AF80-40C7-BDC4-94A8B7E5A52E}"
EndProject
Project("{9A19103F-16F7-4668-BE54-9A1E7A4F7556}") = "DeveloperPortal.Models", "DeveloperPortal.Models\DeveloperPortal.Models.csproj", "{1196EF67-65A4-46A0-9F06-18EE5E5717CD}"
EndProject
Global
	GlobalSection(SolutionConfigurationPlatforms) = preSolution
		Debug|Any CPU = Debug|Any CPU
		Release|Any CPU = Release|Any CPU
	EndGlobalSection
	GlobalSection(ProjectConfigurationPlatforms) = postSolution
		{B58B00D7-62EE-4FF5-88FA-4CE529E8CC62}.Debug|Any CPU.ActiveCfg = Debug|Any CPU
		{B58B00D7-62EE-4FF5-88FA-4CE529E8CC62}.Debug|Any CPU.Build.0 = Debug|Any CPU
		{B58B00D7-62EE-4FF5-88FA-4CE529E8CC62}.Release|Any CPU.ActiveCfg = Release|Any CPU
		{B58B00D7-62EE-4FF5-88FA-4CE529E8CC62}.Release|Any CPU.Build.0 = Release|Any CPU
		{2FF1849B-AF80-40C7-BDC4-94A8B7E5A52E}.Debug|Any CPU.ActiveCfg = Debug|Any CPU
		{2FF1849B-AF80-40C7-BDC4-94A8B7E5A52E}.Debug|Any CPU.Build.0 = Debug|Any CPU
		{2FF1849B-AF80-40C7-BDC4-94A8B7E5A52E}.Release|Any CPU.ActiveCfg = Release|Any CPU
		{2FF1849B-AF80-40C7-BDC4-94A8B7E5A52E}.Release|Any CPU.Build.0 = Release|Any CPU
		{1196EF67-65A4-46A0-9F06-18EE5E5717CD}.Debug|Any CPU.ActiveCfg = Debug|Any CPU
		{1196EF67-65A4-46A0-9F06-18EE5E5717CD}.Debug|Any CPU.Build.0 = Debug|Any CPU
		{1196EF67-65A4-46A0-9F06-18EE5E5717CD}.Release|Any CPU.ActiveCfg = Release|Any CPU
		{1196EF67-65A4-46A0-9F06-18EE5E5717CD}.Release|Any CPU.Build.0 = Release|Any CPU
	EndGlobalSection
	GlobalSection(SolutionProperties) = preSolution
		HideSolutionNode = FALSE
	EndGlobalSection
	GlobalSection(ExtensibilityGlobals) = postSolution
		SolutionGuid = {2D3E1D37-F315-4587-A3EC-B7F1A6829533}
	EndGlobalSection
EndGlobal
