
Microsoft Visual Studio Solution File, Format Version 12.00
# Visual Studio Version 17
VisualStudioVersion = 17.4.33403.182
MinimumVisualStudioVersion = 10.0.40219.1
Project("{9A19103F-16F7-4668-BE54-9A1E7A4F7556}") = "DeveloperPortal", "UI\DeveloperPortal\DeveloperPortal.csproj", "{B58B00D7-62EE-4FF5-88FA-4CE529E8CC62}"
	ProjectSection(ProjectDependencies) = postProject
		{2FF1849B-AF80-40C7-BDC4-94A8B7E5A52E} = {2FF1849B-AF80-40C7-BDC4-94A8B7E5A52E}
	EndProjectSection
EndProject
Project("{9A19103F-16F7-4668-BE54-9A1E7A4F7556}") = "DeveloperPortal.ServiceClient", "Infrastructure\DeveloperPortal.ServiceClient\DeveloperPortal.ServiceClient.csproj", "{2FF1849B-AF80-40C7-BDC4-94A8B7E5A52E}"
EndProject
Project("{9A19103F-16F7-4668-BE54-9A1E7A4F7556}") = "DeveloperPortal.Domain", "Core\DeveloperPortal.Domain\DeveloperPortal.Domain.csproj", "{F3E142D1-6639-4450-8F6E-422F09BFB1F2}"
EndProject
Project("{2150E333-8FDC-42A3-9474-1A3956D46DE8}") = "UI", "UI", "{059B31D5-D16E-4738-BAD9-E8CA4BB9BD21}"
EndProject
Project("{2150E333-8FDC-42A3-9474-1A3956D46DE8}") = "Core", "Core", "{A01021F7-7CC5-469E-9419-3F35FAEFCB69}"
EndProject
Project("{2150E333-8FDC-42A3-9474-1A3956D46DE8}") = "Infrastructure", "Infrastructure", "{F0AC9BCF-4B98-4DCE-B848-8AB688CCBDD9}"
EndProject
Project("{FAE04EC0-301F-11D3-BF4B-00C04F79EFBC}") = "DeveloperPortal.DataAccess", "DeveloperPortal.DataAccess\DeveloperPortal.DataAccess.csproj", "{B24BF4AB-7A39-4B80-919E-3F2343BCE919}"
EndProject
Project("{2150E333-8FDC-42A3-9474-1A3956D46DE8}") = "Application", "Application", "{7D30A531-CC26-468F-947D-664CAD05ED51}"
EndProject
Project("{FAE04EC0-301F-11D3-BF4B-00C04F79EFBC}") = "DeveloperPortal.Application", "DeveloperPortal.Application\DeveloperPortal.Application.csproj", "{F52D5FB3-01B0-4E21-928E-32EC5F99CE21}"
EndProject
Global
	GlobalSection(SolutionConfigurationPlatforms) = preSolution
		Debug|Any CPU = Debug|Any CPU
		Release|Any CPU = Release|Any CPU
	EndGlobalSection
	GlobalSection(ProjectConfigurationPlatforms) = postSolution
		{B58B00D7-62EE-4FF5-88FA-4CE529E8CC62}.Debug|Any CPU.ActiveCfg = Debug|Any CPU
		{B58B00D7-62EE-4FF5-88FA-4CE529E8CC62}.Debug|Any CPU.Build.0 = Debug|Any CPU
		{B58B00D7-62EE-4FF5-88FA-4CE529E8CC62}.Release|Any CPU.ActiveCfg = Release|Any CPU
		{B58B00D7-62EE-4FF5-88FA-4CE529E8CC62}.Release|Any CPU.Build.0 = Release|Any CPU
		{2FF1849B-AF80-40C7-BDC4-94A8B7E5A52E}.Debug|Any CPU.ActiveCfg = Debug|Any CPU
		{2FF1849B-AF80-40C7-BDC4-94A8B7E5A52E}.Debug|Any CPU.Build.0 = Debug|Any CPU
		{2FF1849B-AF80-40C7-BDC4-94A8B7E5A52E}.Release|Any CPU.ActiveCfg = Release|Any CPU
		{2FF1849B-AF80-40C7-BDC4-94A8B7E5A52E}.Release|Any CPU.Build.0 = Release|Any CPU
		{F3E142D1-6639-4450-8F6E-422F09BFB1F2}.Debug|Any CPU.ActiveCfg = Debug|Any CPU
		{F3E142D1-6639-4450-8F6E-422F09BFB1F2}.Debug|Any CPU.Build.0 = Debug|Any CPU
		{F3E142D1-6639-4450-8F6E-422F09BFB1F2}.Release|Any CPU.ActiveCfg = Release|Any CPU
		{F3E142D1-6639-4450-8F6E-422F09BFB1F2}.Release|Any CPU.Build.0 = Release|Any CPU
		{B24BF4AB-7A39-4B80-919E-3F2343BCE919}.Debug|Any CPU.ActiveCfg = Debug|Any CPU
		{B24BF4AB-7A39-4B80-919E-3F2343BCE919}.Debug|Any CPU.Build.0 = Debug|Any CPU
		{B24BF4AB-7A39-4B80-919E-3F2343BCE919}.Release|Any CPU.ActiveCfg = Release|Any CPU
		{B24BF4AB-7A39-4B80-919E-3F2343BCE919}.Release|Any CPU.Build.0 = Release|Any CPU
		{F52D5FB3-01B0-4E21-928E-32EC5F99CE21}.Debug|Any CPU.ActiveCfg = Debug|Any CPU
		{F52D5FB3-01B0-4E21-928E-32EC5F99CE21}.Debug|Any CPU.Build.0 = Debug|Any CPU
		{F52D5FB3-01B0-4E21-928E-32EC5F99CE21}.Release|Any CPU.ActiveCfg = Release|Any CPU
		{F52D5FB3-01B0-4E21-928E-32EC5F99CE21}.Release|Any CPU.Build.0 = Release|Any CPU
	EndGlobalSection
	GlobalSection(SolutionProperties) = preSolution
		HideSolutionNode = FALSE
	EndGlobalSection
	GlobalSection(NestedProjects) = preSolution
		{B58B00D7-62EE-4FF5-88FA-4CE529E8CC62} = {059B31D5-D16E-4738-BAD9-E8CA4BB9BD21}
		{2FF1849B-AF80-40C7-BDC4-94A8B7E5A52E} = {F0AC9BCF-4B98-4DCE-B848-8AB688CCBDD9}
		{F3E142D1-6639-4450-8F6E-422F09BFB1F2} = {A01021F7-7CC5-469E-9419-3F35FAEFCB69}
		{B24BF4AB-7A39-4B80-919E-3F2343BCE919} = {F0AC9BCF-4B98-4DCE-B848-8AB688CCBDD9}
		{F52D5FB3-01B0-4E21-928E-32EC5F99CE21} = {7D30A531-CC26-468F-947D-664CAD05ED51}
	EndGlobalSection
	GlobalSection(ExtensibilityGlobals) = postSolution
		SolutionGuid = {2D3E1D37-F315-4587-A3EC-B7F1A6829533}
	EndGlobalSection
EndGlobal
